
Microsoft Visual Studio Solution File, Format Version 12.00
# Visual Studio Version 16
VisualStudioVersion = 16.0.31321.278
MinimumVisualStudioVersion = 10.0.40219.1
Project("{FAE04EC0-301F-11D3-BF4B-00C04F79EFBC}") = "Avanade.SubTCSE.Projeto.Api", "Avanade.SubTCSE.Projeto.Api\Avanade.SubTCSE.Projeto.Api.csproj", "{760DB280-75EF-46F8-95B6-4438434984CB}"
EndProject
Global
	GlobalSection(SolutionConfigurationPlatforms) = preSolution
		Debug|Any CPU = Debug|Any CPU
		Release|Any CPU = Release|Any CPU
	EndGlobalSection
	GlobalSection(ProjectConfigurationPlatforms) = postSolution
		{760DB280-75EF-46F8-95B6-4438434984CB}.Debug|Any CPU.ActiveCfg = Debug|Any CPU
		{760DB280-75EF-46F8-95B6-4438434984CB}.Debug|Any CPU.Build.0 = Debug|Any CPU
		{760DB280-75EF-46F8-95B6-4438434984CB}.Release|Any CPU.ActiveCfg = Release|Any CPU
		{760DB280-75EF-46F8-95B6-4438434984CB}.Release|Any CPU.Build.0 = Release|Any CPU
	EndGlobalSection
	GlobalSection(SolutionProperties) = preSolution
		HideSolutionNode = FALSE
	EndGlobalSection
	GlobalSection(ExtensibilityGlobals) = postSolution
		SolutionGuid = {0BF6737C-C11A-4032-B667-EA8B225E03D1}
	EndGlobalSection
EndGlobal
